// !$*UTF8*$!
{
	archiveVersion = 1;
	classes = {
	};
	objectVersion = 48;
	objects = {

/* Begin PBXBuildFile section */
		EA12AD9F1FD7A31500C2FC39 /* AppDelegate.swift in Sources */ = {isa = PBXBuildFile; fileRef = EA12AD9E1FD7A31500C2FC39 /* AppDelegate.swift */; };
		EA12ADA11FD7A31500C2FC39 /* LoginViewController.swift in Sources */ = {isa = PBXBuildFile; fileRef = EA12ADA01FD7A31500C2FC39 /* LoginViewController.swift */; };
		EA12ADA41FD7A31500C2FC39 /* Main.storyboard in Resources */ = {isa = PBXBuildFile; fileRef = EA12ADA21FD7A31500C2FC39 /* Main.storyboard */; };
		EA12ADA61FD7A31500C2FC39 /* Assets.xcassets in Resources */ = {isa = PBXBuildFile; fileRef = EA12ADA51FD7A31500C2FC39 /* Assets.xcassets */; };
		EA12ADA91FD7A31500C2FC39 /* LaunchScreen.storyboard in Resources */ = {isa = PBXBuildFile; fileRef = EA12ADA71FD7A31500C2FC39 /* LaunchScreen.storyboard */; };
		EA12ADB31FD7B4C700C2FC39 /* OTMClient.swift in Sources */ = {isa = PBXBuildFile; fileRef = EA12ADB21FD7B4C700C2FC39 /* OTMClient.swift */; };
		EA12ADB61FD7B85700C2FC39 /* GCDBlackBox.swift in Sources */ = {isa = PBXBuildFile; fileRef = EA12ADB51FD7B85700C2FC39 /* GCDBlackBox.swift */; };
		EA12ADB81FD7BD0200C2FC39 /* OnTheMapListViewController.swift in Sources */ = {isa = PBXBuildFile; fileRef = EA12ADB71FD7BD0200C2FC39 /* OnTheMapListViewController.swift */; };
		EA12ADBA1FD85C0800C2FC39 /* OnTheMapMapViewController.swift in Sources */ = {isa = PBXBuildFile; fileRef = EA12ADB91FD85C0800C2FC39 /* OnTheMapMapViewController.swift */; };
		EA12ADBC1FD8647200C2FC39 /* NameViewCell.swift in Sources */ = {isa = PBXBuildFile; fileRef = EA12ADBB1FD8647200C2FC39 /* NameViewCell.swift */; };
		EA12ADBE1FD89CCA00C2FC39 /* NewPinViewController.swift in Sources */ = {isa = PBXBuildFile; fileRef = EA12ADBD1FD89CCA00C2FC39 /* NewPinViewController.swift */; };
		EA2D1E2E1FD8F6C60025CE83 /* OTMConstants.swift in Sources */ = {isa = PBXBuildFile; fileRef = EA2D1E2D1FD8F6C60025CE83 /* OTMConstants.swift */; };
		EA2D1E301FD9B2210025CE83 /* SubmitPinViewController.swift in Sources */ = {isa = PBXBuildFile; fileRef = EA2D1E2F1FD9B2210025CE83 /* SubmitPinViewController.swift */; };
		EA7DAECD1FD8EE160061565B /* StudentInformation.swift in Sources */ = {isa = PBXBuildFile; fileRef = EA7DAECC1FD8EE160061565B /* StudentInformation.swift */; };
/* End PBXBuildFile section */

/* Begin PBXFileReference section */
		EA12AD9B1FD7A31500C2FC39 /* On The Map.app */ = {isa = PBXFileReference; explicitFileType = wrapper.application; includeInIndex = 0; path = "On The Map.app"; sourceTree = BUILT_PRODUCTS_DIR; };
		EA12AD9E1FD7A31500C2FC39 /* AppDelegate.swift */ = {isa = PBXFileReference; lastKnownFileType = sourcecode.swift; path = AppDelegate.swift; sourceTree = "<group>"; };
		EA12ADA01FD7A31500C2FC39 /* LoginViewController.swift */ = {isa = PBXFileReference; lastKnownFileType = sourcecode.swift; path = LoginViewController.swift; sourceTree = "<group>"; };
		EA12ADA31FD7A31500C2FC39 /* Base */ = {isa = PBXFileReference; lastKnownFileType = file.storyboard; name = Base; path = Base.lproj/Main.storyboard; sourceTree = "<group>"; };
		EA12ADA51FD7A31500C2FC39 /* Assets.xcassets */ = {isa = PBXFileReference; lastKnownFileType = folder.assetcatalog; path = Assets.xcassets; sourceTree = "<group>"; };
		EA12ADA81FD7A31500C2FC39 /* Base */ = {isa = PBXFileReference; lastKnownFileType = file.storyboard; name = Base; path = Base.lproj/LaunchScreen.storyboard; sourceTree = "<group>"; };
		EA12ADAA1FD7A31500C2FC39 /* Info.plist */ = {isa = PBXFileReference; lastKnownFileType = text.plist.xml; path = Info.plist; sourceTree = "<group>"; };
		EA12ADB21FD7B4C700C2FC39 /* OTMClient.swift */ = {isa = PBXFileReference; lastKnownFileType = sourcecode.swift; path = OTMClient.swift; sourceTree = "<group>"; };
		EA12ADB51FD7B85700C2FC39 /* GCDBlackBox.swift */ = {isa = PBXFileReference; lastKnownFileType = sourcecode.swift; path = GCDBlackBox.swift; sourceTree = "<group>"; };
		EA12ADB71FD7BD0200C2FC39 /* OnTheMapListViewController.swift */ = {isa = PBXFileReference; lastKnownFileType = sourcecode.swift; path = OnTheMapListViewController.swift; sourceTree = "<group>"; };
		EA12ADB91FD85C0800C2FC39 /* OnTheMapMapViewController.swift */ = {isa = PBXFileReference; lastKnownFileType = sourcecode.swift; path = OnTheMapMapViewController.swift; sourceTree = "<group>"; };
		EA12ADBB1FD8647200C2FC39 /* NameViewCell.swift */ = {isa = PBXFileReference; lastKnownFileType = sourcecode.swift; path = NameViewCell.swift; sourceTree = "<group>"; };
		EA12ADBD1FD89CCA00C2FC39 /* NewPinViewController.swift */ = {isa = PBXFileReference; lastKnownFileType = sourcecode.swift; path = NewPinViewController.swift; sourceTree = "<group>"; };
		EA2D1E2D1FD8F6C60025CE83 /* OTMConstants.swift */ = {isa = PBXFileReference; lastKnownFileType = sourcecode.swift; path = OTMConstants.swift; sourceTree = "<group>"; };
		EA2D1E2F1FD9B2210025CE83 /* SubmitPinViewController.swift */ = {isa = PBXFileReference; lastKnownFileType = sourcecode.swift; path = SubmitPinViewController.swift; sourceTree = "<group>"; };
		EA7DAECC1FD8EE160061565B /* StudentInformation.swift */ = {isa = PBXFileReference; lastKnownFileType = sourcecode.swift; path = StudentInformation.swift; sourceTree = "<group>"; };
/* End PBXFileReference section */

/* Begin PBXFrameworksBuildPhase section */
		EA12AD981FD7A31500C2FC39 /* Frameworks */ = {
			isa = PBXFrameworksBuildPhase;
			buildActionMask = 2147483647;
			files = (
			);
			runOnlyForDeploymentPostprocessing = 0;
		};
/* End PBXFrameworksBuildPhase section */

/* Begin PBXGroup section */
		EA12AD921FD7A31500C2FC39 = {
			isa = PBXGroup;
			children = (
				EA12AD9D1FD7A31500C2FC39 /* On The Map */,
				EA12AD9C1FD7A31500C2FC39 /* Products */,
			);
			sourceTree = "<group>";
		};
		EA12AD9C1FD7A31500C2FC39 /* Products */ = {
			isa = PBXGroup;
			children = (
				EA12AD9B1FD7A31500C2FC39 /* On The Map.app */,
			);
			name = Products;
			sourceTree = "<group>";
		};
		EA12AD9D1FD7A31500C2FC39 /* On The Map */ = {
			isa = PBXGroup;
			children = (
				EA12AD9E1FD7A31500C2FC39 /* AppDelegate.swift */,
				EA12ADB51FD7B85700C2FC39 /* GCDBlackBox.swift */,
				EA12ADB41FD7B4D300C2FC39 /* OTM Model */,
				EA12ADBB1FD8647200C2FC39 /* NameViewCell.swift */,
				EA12ADA01FD7A31500C2FC39 /* LoginViewController.swift */,
				EA12ADB71FD7BD0200C2FC39 /* OnTheMapListViewController.swift */,
				EA12ADB91FD85C0800C2FC39 /* OnTheMapMapViewController.swift */,
				EA12ADBD1FD89CCA00C2FC39 /* NewPinViewController.swift */,
				EA2D1E2F1FD9B2210025CE83 /* SubmitPinViewController.swift */,
				EA12ADA21FD7A31500C2FC39 /* Main.storyboard */,
				EA12ADA51FD7A31500C2FC39 /* Assets.xcassets */,
				EA12ADA71FD7A31500C2FC39 /* LaunchScreen.storyboard */,
				EA12ADAA1FD7A31500C2FC39 /* Info.plist */,
			);
			path = "On The Map";
			sourceTree = "<group>";
		};
		EA12ADB41FD7B4D300C2FC39 /* OTM Model */ = {
			isa = PBXGroup;
			children = (
				EA12ADB21FD7B4C700C2FC39 /* OTMClient.swift */,
				EA7DAECC1FD8EE160061565B /* StudentInformation.swift */,
				EA2D1E2D1FD8F6C60025CE83 /* OTMConstants.swift */,
			);
			path = "OTM Model";
			sourceTree = "<group>";
		};
/* End PBXGroup section */

/* Begin PBXNativeTarget section */
		EA12AD9A1FD7A31500C2FC39 /* On The Map */ = {
			isa = PBXNativeTarget;
			buildConfigurationList = EA12ADAD1FD7A31500C2FC39 /* Build configuration list for PBXNativeTarget "On The Map" */;
			buildPhases = (
				EA12AD971FD7A31500C2FC39 /* Sources */,
				EA12AD981FD7A31500C2FC39 /* Frameworks */,
				EA12AD991FD7A31500C2FC39 /* Resources */,
			);
			buildRules = (
			);
			dependencies = (
			);
			name = "On The Map";
			productName = "On The Map";
			productReference = EA12AD9B1FD7A31500C2FC39 /* On The Map.app */;
			productType = "com.apple.product-type.application";
		};
/* End PBXNativeTarget section */

/* Begin PBXProject section */
		EA12AD931FD7A31500C2FC39 /* Project object */ = {
			isa = PBXProject;
			attributes = {
				LastSwiftUpdateCheck = 0910;
				LastUpgradeCheck = 0910;
				ORGANIZATIONNAME = "Jamie Nguyen";
				TargetAttributes = {
					EA12AD9A1FD7A31500C2FC39 = {
						CreatedOnToolsVersion = 9.1;
						ProvisioningStyle = Automatic;
					};
				};
			};
			buildConfigurationList = EA12AD961FD7A31500C2FC39 /* Build configuration list for PBXProject "On The Map" */;
			compatibilityVersion = "Xcode 8.0";
			developmentRegion = en;
			hasScannedForEncodings = 0;
			knownRegions = (
				en,
				Base,
			);
			mainGroup = EA12AD921FD7A31500C2FC39;
			productRefGroup = EA12AD9C1FD7A31500C2FC39 /* Products */;
			projectDirPath = "";
			projectRoot = "";
			targets = (
				EA12AD9A1FD7A31500C2FC39 /* On The Map */,
			);
		};
/* End PBXProject section */

/* Begin PBXResourcesBuildPhase section */
		EA12AD991FD7A31500C2FC39 /* Resources */ = {
			isa = PBXResourcesBuildPhase;
			buildActionMask = 2147483647;
			files = (
				EA12ADA91FD7A31500C2FC39 /* LaunchScreen.storyboard in Resources */,
				EA12ADA61FD7A31500C2FC39 /* Assets.xcassets in Resources */,
				EA12ADA41FD7A31500C2FC39 /* Main.storyboard in Resources */,
			);
			runOnlyForDeploymentPostprocessing = 0;
		};
/* End PBXResourcesBuildPhase section */

/* Begin PBXSourcesBuildPhase section */
		EA12AD971FD7A31500C2FC39 /* Sources */ = {
			isa = PBXSourcesBuildPhase;
			buildActionMask = 2147483647;
			files = (
				EA12ADB61FD7B85700C2FC39 /* GCDBlackBox.swift in Sources */,
				EA12ADBC1FD8647200C2FC39 /* NameViewCell.swift in Sources */,
				EA12ADA11FD7A31500C2FC39 /* LoginViewController.swift in Sources */,
				EA7DAECD1FD8EE160061565B /* StudentInformation.swift in Sources */,
				EA12ADB31FD7B4C700C2FC39 /* OTMClient.swift in Sources */,
				EA12ADBA1FD85C0800C2FC39 /* OnTheMapMapViewController.swift in Sources */,
				EA12ADBE1FD89CCA00C2FC39 /* NewPinViewController.swift in Sources */,
				EA12AD9F1FD7A31500C2FC39 /* AppDelegate.swift in Sources */,
				EA2D1E301FD9B2210025CE83 /* SubmitPinViewController.swift in Sources */,
				EA2D1E2E1FD8F6C60025CE83 /* OTMConstants.swift in Sources */,
				EA12ADB81FD7BD0200C2FC39 /* OnTheMapListViewController.swift in Sources */,
			);
			runOnlyForDeploymentPostprocessing = 0;
		};
/* End PBXSourcesBuildPhase section */

/* Begin PBXVariantGroup section */
		EA12ADA21FD7A31500C2FC39 /* Main.storyboard */ = {
			isa = PBXVariantGroup;
			children = (
				EA12ADA31FD7A31500C2FC39 /* Base */,
			);
			name = Main.storyboard;
			sourceTree = "<group>";
		};
		EA12ADA71FD7A31500C2FC39 /* LaunchScreen.storyboard */ = {
			isa = PBXVariantGroup;
			children = (
				EA12ADA81FD7A31500C2FC39 /* Base */,
			);
			name = LaunchScreen.storyboard;
			sourceTree = "<group>";
		};
/* End PBXVariantGroup section */

/* Begin XCBuildConfiguration section */
		EA12ADAB1FD7A31500C2FC39 /* Debug */ = {
			isa = XCBuildConfiguration;
			buildSettings = {
				ALWAYS_SEARCH_USER_PATHS = NO;
				CLANG_ANALYZER_NONNULL = YES;
				CLANG_ANALYZER_NUMBER_OBJECT_CONVERSION = YES_AGGRESSIVE;
				CLANG_CXX_LANGUAGE_STANDARD = "gnu++14";
				CLANG_CXX_LIBRARY = "libc++";
				CLANG_ENABLE_MODULES = YES;
				CLANG_ENABLE_OBJC_ARC = YES;
				CLANG_WARN_BLOCK_CAPTURE_AUTORELEASING = YES;
				CLANG_WARN_BOOL_CONVERSION = YES;
				CLANG_WARN_COMMA = YES;
				CLANG_WARN_CONSTANT_CONVERSION = YES;
				CLANG_WARN_DIRECT_OBJC_ISA_USAGE = YES_ERROR;
				CLANG_WARN_DOCUMENTATION_COMMENTS = YES;
				CLANG_WARN_EMPTY_BODY = YES;
				CLANG_WARN_ENUM_CONVERSION = YES;
				CLANG_WARN_INFINITE_RECURSION = YES;
				CLANG_WARN_INT_CONVERSION = YES;
				CLANG_WARN_NON_LITERAL_NULL_CONVERSION = YES;
				CLANG_WARN_OBJC_LITERAL_CONVERSION = YES;
				CLANG_WARN_OBJC_ROOT_CLASS = YES_ERROR;
				CLANG_WARN_RANGE_LOOP_ANALYSIS = YES;
				CLANG_WARN_STRICT_PROTOTYPES = YES;
				CLANG_WARN_SUSPICIOUS_MOVE = YES;
				CLANG_WARN_UNGUARDED_AVAILABILITY = YES_AGGRESSIVE;
				CLANG_WARN_UNREACHABLE_CODE = YES;
				CLANG_WARN__DUPLICATE_METHOD_MATCH = YES;
				CODE_SIGN_IDENTITY = "iPhone Developer";
				COPY_PHASE_STRIP = NO;
				DEBUG_INFORMATION_FORMAT = dwarf;
				ENABLE_STRICT_OBJC_MSGSEND = YES;
				ENABLE_TESTABILITY = YES;
				GCC_C_LANGUAGE_STANDARD = gnu11;
				GCC_DYNAMIC_NO_PIC = NO;
				GCC_NO_COMMON_BLOCKS = YES;
				GCC_OPTIMIZATION_LEVEL = 0;
				GCC_PREPROCESSOR_DEFINITIONS = (
					"DEBUG=1",
					"$(inherited)",
				);
				GCC_WARN_64_TO_32_BIT_CONVERSION = YES;
				GCC_WARN_ABOUT_RETURN_TYPE = YES_ERROR;
				GCC_WARN_UNDECLARED_SELECTOR = YES;
				GCC_WARN_UNINITIALIZED_AUTOS = YES_AGGRESSIVE;
				GCC_WARN_UNUSED_FUNCTION = YES;
				GCC_WARN_UNUSED_VARIABLE = YES;
				IPHONEOS_DEPLOYMENT_TARGET = 11.1;
				MTL_ENABLE_DEBUG_INFO = YES;
				ONLY_ACTIVE_ARCH = YES;
				SDKROOT = iphoneos;
				SWIFT_ACTIVE_COMPILATION_CONDITIONS = DEBUG;
				SWIFT_OPTIMIZATION_LEVEL = "-Onone";
			};
			name = Debug;
		};
		EA12ADAC1FD7A31500C2FC39 /* Release */ = {
			isa = XCBuildConfiguration;
			buildSettings = {
				ALWAYS_SEARCH_USER_PATHS = NO;
				CLANG_ANALYZER_NONNULL = YES;
				CLANG_ANALYZER_NUMBER_OBJECT_CONVERSION = YES_AGGRESSIVE;
				CLANG_CXX_LANGUAGE_STANDARD = "gnu++14";
				CLANG_CXX_LIBRARY = "libc++";
				CLANG_ENABLE_MODULES = YES;
				CLANG_ENABLE_OBJC_ARC = YES;
				CLANG_WARN_BLOCK_CAPTURE_AUTORELEASING = YES;
				CLANG_WARN_BOOL_CONVERSION = YES;
				CLANG_WARN_COMMA = YES;
				CLANG_WARN_CONSTANT_CONVERSION = YES;
				CLANG_WARN_DIRECT_OBJC_ISA_USAGE = YES_ERROR;
				CLANG_WARN_DOCUMENTATION_COMMENTS = YES;
				CLANG_WARN_EMPTY_BODY = YES;
				CLANG_WARN_ENUM_CONVERSION = YES;
				CLANG_WARN_INFINITE_RECURSION = YES;
				CLANG_WARN_INT_CONVERSION = YES;
				CLANG_WARN_NON_LITERAL_NULL_CONVERSION = YES;
				CLANG_WARN_OBJC_LITERAL_CONVERSION = YES;
				CLANG_WARN_OBJC_ROOT_CLASS = YES_ERROR;
				CLANG_WARN_RANGE_LOOP_ANALYSIS = YES;
				CLANG_WARN_STRICT_PROTOTYPES = YES;
				CLANG_WARN_SUSPICIOUS_MOVE = YES;
				CLANG_WARN_UNGUARDED_AVAILABILITY = YES_AGGRESSIVE;
				CLANG_WARN_UNREACHABLE_CODE = YES;
				CLANG_WARN__DUPLICATE_METHOD_MATCH = YES;
				CODE_SIGN_IDENTITY = "iPhone Developer";
				COPY_PHASE_STRIP = NO;
				DEBUG_INFORMATION_FORMAT = "dwarf-with-dsym";
				ENABLE_NS_ASSERTIONS = NO;
				ENABLE_STRICT_OBJC_MSGSEND = YES;
				GCC_C_LANGUAGE_STANDARD = gnu11;
				GCC_NO_COMMON_BLOCKS = YES;
				GCC_WARN_64_TO_32_BIT_CONVERSION = YES;
				GCC_WARN_ABOUT_RETURN_TYPE = YES_ERROR;
				GCC_WARN_UNDECLARED_SELECTOR = YES;
				GCC_WARN_UNINITIALIZED_AUTOS = YES_AGGRESSIVE;
				GCC_WARN_UNUSED_FUNCTION = YES;
				GCC_WARN_UNUSED_VARIABLE = YES;
				IPHONEOS_DEPLOYMENT_TARGET = 11.1;
				MTL_ENABLE_DEBUG_INFO = NO;
				SDKROOT = iphoneos;
				SWIFT_OPTIMIZATION_LEVEL = "-Owholemodule";
				VALIDATE_PRODUCT = YES;
			};
			name = Release;
		};
		EA12ADAE1FD7A31500C2FC39 /* Debug */ = {
			isa = XCBuildConfiguration;
			buildSettings = {
				ASSETCATALOG_COMPILER_APPICON_NAME = AppIcon;
				CODE_SIGN_STYLE = Automatic;
				DEVELOPMENT_TEAM = A8UXD77547;
				INFOPLIST_FILE = "On The Map/Info.plist";
				LD_RUNPATH_SEARCH_PATHS = "$(inherited) @executable_path/Frameworks";
				PRODUCT_BUNDLE_IDENTIFIER = "Udacity.JamieNguyen.On-The-Map";
				PRODUCT_NAME = "$(TARGET_NAME)";
				SWIFT_VERSION = 4.0;
				TARGETED_DEVICE_FAMILY = "1,2";
			};
			name = Debug;
		};
		EA12ADAF1FD7A31500C2FC39 /* Release */ = {
			isa = XCBuildConfiguration;
			buildSettings = {
				ASSETCATALOG_COMPILER_APPICON_NAME = AppIcon;
				CODE_SIGN_STYLE = Automatic;
				DEVELOPMENT_TEAM = A8UXD77547;
				INFOPLIST_FILE = "On The Map/Info.plist";
				LD_RUNPATH_SEARCH_PATHS = "$(inherited) @executable_path/Frameworks";
				PRODUCT_BUNDLE_IDENTIFIER = "Udacity.JamieNguyen.On-The-Map";
				PRODUCT_NAME = "$(TARGET_NAME)";
				SWIFT_VERSION = 4.0;
				TARGETED_DEVICE_FAMILY = "1,2";
			};
			name = Release;
		};
/* End XCBuildConfiguration section */

/* Begin XCConfigurationList section */
		EA12AD961FD7A31500C2FC39 /* Build configuration list for PBXProject "On The Map" */ = {
			isa = XCConfigurationList;
			buildConfigurations = (
				EA12ADAB1FD7A31500C2FC39 /* Debug */,
				EA12ADAC1FD7A31500C2FC39 /* Release */,
			);
			defaultConfigurationIsVisible = 0;
			defaultConfigurationName = Release;
		};
		EA12ADAD1FD7A31500C2FC39 /* Build configuration list for PBXNativeTarget "On The Map" */ = {
			isa = XCConfigurationList;
			buildConfigurations = (
				EA12ADAE1FD7A31500C2FC39 /* Debug */,
				EA12ADAF1FD7A31500C2FC39 /* Release */,
			);
			defaultConfigurationIsVisible = 0;
			defaultConfigurationName = Release;
		};
/* End XCConfigurationList section */
	};
	rootObject = EA12AD931FD7A31500C2FC39 /* Project object */;
}
